
Microsoft Visual Studio Solution File, Format Version 12.00
# Visual Studio 15
Project("{FAE04EC0-301F-11D3-BF4B-00C04F79EFBC}") = "Assembly-CSharp", "Assembly-CSharp.csproj", "{4CCAE2F8-E9FC-1A24-3B2C-7897A0529415}"
EndProject
Project("{FAE04EC0-301F-11D3-BF4B-00C04F79EFBC}") = "Assembly-CSharp-Editor", "Assembly-CSharp-Editor.csproj", "{1A5B3770-0884-1D1C-08FC-C7FC52ADF02B}"
EndProject
Global
	GlobalSection(SolutionConfigurationPlatforms) = preSolution
		Debug|Any CPU = Debug|Any CPU
		Release|Any CPU = Release|Any CPU
	EndGlobalSection
	GlobalSection(ProjectConfigurationPlatforms) = postSolution
		{4CCAE2F8-E9FC-1A24-3B2C-7897A0529415}.Debug|Any CPU.ActiveCfg = Debug|Any CPU
		{4CCAE2F8-E9FC-1A24-3B2C-7897A0529415}.Debug|Any CPU.Build.0 = Debug|Any CPU
		{4CCAE2F8-E9FC-1A24-3B2C-7897A0529415}.Release|Any CPU.ActiveCfg = Release|Any CPU
		{4CCAE2F8-E9FC-1A24-3B2C-7897A0529415}.Release|Any CPU.Build.0 = Release|Any CPU
		{1A5B3770-0884-1D1C-08FC-C7FC52ADF02B}.Debug|Any CPU.ActiveCfg = Debug|Any CPU
		{1A5B3770-0884-1D1C-08FC-C7FC52ADF02B}.Debug|Any CPU.Build.0 = Debug|Any CPU
		{1A5B3770-0884-1D1C-08FC-C7FC52ADF02B}.Release|Any CPU.ActiveCfg = Release|Any CPU
		{1A5B3770-0884-1D1C-08FC-C7FC52ADF02B}.Release|Any CPU.Build.0 = Release|Any CPU
	EndGlobalSection
	GlobalSection(SolutionProperties) = preSolution
		HideSolutionNode = FALSE
	EndGlobalSection
EndGlobal
