
Microsoft Visual Studio Solution File, Format Version 12.00
# Visual Studio 15
Project("{FAE04EC0-301F-11D3-BF4B-00C04F79EFBC}") = "Assembly-CSharp", "Assembly-CSharp.csproj", "{288C58B4-9379-F66A-035E-F834C5DD1E7C}"
EndProject
Project("{FAE04EC0-301F-11D3-BF4B-00C04F79EFBC}") = "Assembly-CSharp-Editor", "Assembly-CSharp-Editor.csproj", "{B7D6D687-3AF6-8ADF-8132-F1CE11110440}"
EndProject
Global
	GlobalSection(SolutionConfigurationPlatforms) = preSolution
		Debug|Any CPU = Debug|Any CPU
		Release|Any CPU = Release|Any CPU
	EndGlobalSection
	GlobalSection(ProjectConfigurationPlatforms) = postSolution
		{288C58B4-9379-F66A-035E-F834C5DD1E7C}.Debug|Any CPU.ActiveCfg = Debug|Any CPU
		{288C58B4-9379-F66A-035E-F834C5DD1E7C}.Debug|Any CPU.Build.0 = Debug|Any CPU
		{288C58B4-9379-F66A-035E-F834C5DD1E7C}.Release|Any CPU.ActiveCfg = Release|Any CPU
		{288C58B4-9379-F66A-035E-F834C5DD1E7C}.Release|Any CPU.Build.0 = Release|Any CPU
		{B7D6D687-3AF6-8ADF-8132-F1CE11110440}.Debug|Any CPU.ActiveCfg = Debug|Any CPU
		{B7D6D687-3AF6-8ADF-8132-F1CE11110440}.Debug|Any CPU.Build.0 = Debug|Any CPU
		{B7D6D687-3AF6-8ADF-8132-F1CE11110440}.Release|Any CPU.ActiveCfg = Release|Any CPU
		{B7D6D687-3AF6-8ADF-8132-F1CE11110440}.Release|Any CPU.Build.0 = Release|Any CPU
	EndGlobalSection
	GlobalSection(SolutionProperties) = preSolution
		HideSolutionNode = FALSE
	EndGlobalSection
EndGlobal
