
Microsoft Visual Studio Solution File, Format Version 12.00
# Visual Studio 15
Project("{FAE04EC0-301F-11D3-BF4B-00C04F79EFBC}") = "Assembly-CSharp", "Assembly-CSharp.csproj", "{6EF75BCD-524F-C8CD-8505-E80351172184}"
EndProject
Project("{FAE04EC0-301F-11D3-BF4B-00C04F79EFBC}") = "Assembly-CSharp-Editor", "Assembly-CSharp-Editor.csproj", "{3CA1B23A-D293-6AE8-9355-C42B899A429E}"
EndProject
Global
	GlobalSection(SolutionConfigurationPlatforms) = preSolution
		Debug|Any CPU = Debug|Any CPU
		Release|Any CPU = Release|Any CPU
	EndGlobalSection
	GlobalSection(ProjectConfigurationPlatforms) = postSolution
		{6EF75BCD-524F-C8CD-8505-E80351172184}.Debug|Any CPU.ActiveCfg = Debug|Any CPU
		{6EF75BCD-524F-C8CD-8505-E80351172184}.Debug|Any CPU.Build.0 = Debug|Any CPU
		{6EF75BCD-524F-C8CD-8505-E80351172184}.Release|Any CPU.ActiveCfg = Release|Any CPU
		{6EF75BCD-524F-C8CD-8505-E80351172184}.Release|Any CPU.Build.0 = Release|Any CPU
		{3CA1B23A-D293-6AE8-9355-C42B899A429E}.Debug|Any CPU.ActiveCfg = Debug|Any CPU
		{3CA1B23A-D293-6AE8-9355-C42B899A429E}.Debug|Any CPU.Build.0 = Debug|Any CPU
		{3CA1B23A-D293-6AE8-9355-C42B899A429E}.Release|Any CPU.ActiveCfg = Release|Any CPU
		{3CA1B23A-D293-6AE8-9355-C42B899A429E}.Release|Any CPU.Build.0 = Release|Any CPU
	EndGlobalSection
	GlobalSection(SolutionProperties) = preSolution
		HideSolutionNode = FALSE
	EndGlobalSection
EndGlobal
