
Microsoft Visual Studio Solution File, Format Version 12.00
# Visual Studio 15
Project("{FAE04EC0-301F-11D3-BF4B-00C04F79EFBC}") = "Assembly-CSharp", "Assembly-CSharp.csproj", "{3C48D4B3-BFC4-F455-590F-A18A926D3B08}"
EndProject
Project("{FAE04EC0-301F-11D3-BF4B-00C04F79EFBC}") = "Assembly-CSharp-Editor", "Assembly-CSharp-Editor.csproj", "{603D40BC-BB23-985F-5E65-ED817543A98E}"
EndProject
Global
	GlobalSection(SolutionConfigurationPlatforms) = preSolution
		Debug|Any CPU = Debug|Any CPU
		Release|Any CPU = Release|Any CPU
	EndGlobalSection
	GlobalSection(ProjectConfigurationPlatforms) = postSolution
		{3C48D4B3-BFC4-F455-590F-A18A926D3B08}.Debug|Any CPU.ActiveCfg = Debug|Any CPU
		{3C48D4B3-BFC4-F455-590F-A18A926D3B08}.Debug|Any CPU.Build.0 = Debug|Any CPU
		{3C48D4B3-BFC4-F455-590F-A18A926D3B08}.Release|Any CPU.ActiveCfg = Release|Any CPU
		{3C48D4B3-BFC4-F455-590F-A18A926D3B08}.Release|Any CPU.Build.0 = Release|Any CPU
		{603D40BC-BB23-985F-5E65-ED817543A98E}.Debug|Any CPU.ActiveCfg = Debug|Any CPU
		{603D40BC-BB23-985F-5E65-ED817543A98E}.Debug|Any CPU.Build.0 = Debug|Any CPU
		{603D40BC-BB23-985F-5E65-ED817543A98E}.Release|Any CPU.ActiveCfg = Release|Any CPU
		{603D40BC-BB23-985F-5E65-ED817543A98E}.Release|Any CPU.Build.0 = Release|Any CPU
	EndGlobalSection
	GlobalSection(SolutionProperties) = preSolution
		HideSolutionNode = FALSE
	EndGlobalSection
EndGlobal
