
Microsoft Visual Studio Solution File, Format Version 12.00
# Visual Studio 15
Project("{FAE04EC0-301F-11D3-BF4B-00C04F79EFBC}") = "Assembly-CSharp", "Assembly-CSharp.csproj", "{2ECDFB42-7694-B635-7D39-7AAFCEC51DD3}"
EndProject
Project("{FAE04EC0-301F-11D3-BF4B-00C04F79EFBC}") = "Assembly-CSharp-Editor", "Assembly-CSharp-Editor.csproj", "{D5DB7482-8500-76CE-D19F-8B06AAAD2566}"
EndProject
Global
	GlobalSection(SolutionConfigurationPlatforms) = preSolution
		Debug|Any CPU = Debug|Any CPU
		Release|Any CPU = Release|Any CPU
	EndGlobalSection
	GlobalSection(ProjectConfigurationPlatforms) = postSolution
		{2ECDFB42-7694-B635-7D39-7AAFCEC51DD3}.Debug|Any CPU.ActiveCfg = Debug|Any CPU
		{2ECDFB42-7694-B635-7D39-7AAFCEC51DD3}.Debug|Any CPU.Build.0 = Debug|Any CPU
		{2ECDFB42-7694-B635-7D39-7AAFCEC51DD3}.Release|Any CPU.ActiveCfg = Release|Any CPU
		{2ECDFB42-7694-B635-7D39-7AAFCEC51DD3}.Release|Any CPU.Build.0 = Release|Any CPU
		{D5DB7482-8500-76CE-D19F-8B06AAAD2566}.Debug|Any CPU.ActiveCfg = Debug|Any CPU
		{D5DB7482-8500-76CE-D19F-8B06AAAD2566}.Debug|Any CPU.Build.0 = Debug|Any CPU
		{D5DB7482-8500-76CE-D19F-8B06AAAD2566}.Release|Any CPU.ActiveCfg = Release|Any CPU
		{D5DB7482-8500-76CE-D19F-8B06AAAD2566}.Release|Any CPU.Build.0 = Release|Any CPU
	EndGlobalSection
	GlobalSection(SolutionProperties) = preSolution
		HideSolutionNode = FALSE
	EndGlobalSection
EndGlobal
